
Microsoft Visual Studio Solution File, Format Version 12.00
# Visual Studio Version 17
VisualStudioVersion = 17.8.34309.116
MinimumVisualStudioVersion = 10.0.40219.1
Project("{FAE04EC0-301F-11D3-BF4B-00C04F79EFBC}") = "Flashcards.Barakisbrown", "Flashcards.Barakisbrown\Flashcards.Barakisbrown.csproj", "{8BAC38C1-0FF4-4FFC-97E7-585BFA9FE2F7}"
EndProject
Global
	GlobalSection(SolutionConfigurationPlatforms) = preSolution
		Debug|Any CPU = Debug|Any CPU
		Release|Any CPU = Release|Any CPU
	EndGlobalSection
	GlobalSection(ProjectConfigurationPlatforms) = postSolution
		{8BAC38C1-0FF4-4FFC-97E7-585BFA9FE2F7}.Debug|Any CPU.ActiveCfg = Debug|Any CPU
		{8BAC38C1-0FF4-4FFC-97E7-585BFA9FE2F7}.Debug|Any CPU.Build.0 = Debug|Any CPU
		{8BAC38C1-0FF4-4FFC-97E7-585BFA9FE2F7}.Release|Any CPU.ActiveCfg = Release|Any CPU
		{8BAC38C1-0FF4-4FFC-97E7-585BFA9FE2F7}.Release|Any CPU.Build.0 = Release|Any CPU
	EndGlobalSection
	GlobalSection(SolutionProperties) = preSolution
		HideSolutionNode = FALSE
	EndGlobalSection
	GlobalSection(ExtensibilityGlobals) = postSolution
		SolutionGuid = {73F061B3-621E-4216-B237-F87C6B0CC53B}
	EndGlobalSection
EndGlobal
